// !$*UTF8*$!
{
	archiveVersion = 1;
	classes = {
	};
	objectVersion = 55;
	objects = {

/* Begin PBXBuildFile section */
		280DDBFF267175DC00467332 /* DrawView.swift in Sources */ = {isa = PBXBuildFile; fileRef = 280DDBFE267175DC00467332 /* DrawView.swift */; };
		280DDC2E26726FD400467332 /* ContentView.swift in Sources */ = {isa = PBXBuildFile; fileRef = 289EE53926714F8A002F66D3 /* ContentView.swift */; };
		280DDC2F26726FD400467332 /* DrawView.swift in Sources */ = {isa = PBXBuildFile; fileRef = 280DDBFE267175DC00467332 /* DrawView.swift */; };
		280DDC3026726FD400467332 /* Assets.xcassets in Resources */ = {isa = PBXBuildFile; fileRef = 289EE53A26714F8C002F66D3 /* Assets.xcassets */; };
		280DDC3126726FD400467332 /* Drawing_CanvasApp.swift in Sources */ = {isa = PBXBuildFile; fileRef = 289EE53826714F8A002F66D3 /* Drawing_CanvasApp.swift */; };
		280DDC34267271F900467332 /* SegmentedView.swift in Sources */ = {isa = PBXBuildFile; fileRef = 280DDC33267271F900467332 /* SegmentedView.swift */; };
		280DDC36267273D900467332 /* SideBarView.swift in Sources */ = {isa = PBXBuildFile; fileRef = 280DDC35267273D900467332 /* SideBarView.swift */; };
		280DDC372672741400467332 /* SideBarView.swift in Sources */ = {isa = PBXBuildFile; fileRef = 280DDC35267273D900467332 /* SideBarView.swift */; };
		289EE55A26714F8C002F66D3 /* Drawing_CanvasApp.swift in Sources */ = {isa = PBXBuildFile; fileRef = 289EE53826714F8A002F66D3 /* Drawing_CanvasApp.swift */; };
		289EE55C26714F8C002F66D3 /* ContentView.swift in Sources */ = {isa = PBXBuildFile; fileRef = 289EE53926714F8A002F66D3 /* ContentView.swift */; };
		289EE55E26714F8C002F66D3 /* Assets.xcassets in Resources */ = {isa = PBXBuildFile; fileRef = 289EE53A26714F8C002F66D3 /* Assets.xcassets */; };
/* End PBXBuildFile section */

/* Begin PBXFileReference section */
		28066C7C267283820084572F /* README.md */ = {isa = PBXFileReference; lastKnownFileType = net.daringfireball.markdown; path = README.md; sourceTree = "<group>"; };
		280DDBFE267175DC00467332 /* DrawView.swift */ = {isa = PBXFileReference; lastKnownFileType = sourcecode.swift; path = DrawView.swift; sourceTree = "<group>"; };
		280DDC0126726CCE00467332 /* Drawing Canvas.entitlements */ = {isa = PBXFileReference; lastKnownFileType = text.plist.entitlements; path = "Drawing Canvas.entitlements"; sourceTree = "<group>"; };
		280DDC0626726FB500467332 /* Drawing Canvas (macOS).app */ = {isa = PBXFileReference; explicitFileType = wrapper.application; includeInIndex = 0; path = "Drawing Canvas (macOS).app"; sourceTree = BUILT_PRODUCTS_DIR; };
		280DDC33267271F900467332 /* SegmentedView.swift */ = {isa = PBXFileReference; lastKnownFileType = sourcecode.swift; path = SegmentedView.swift; sourceTree = "<group>"; };
		280DDC35267273D900467332 /* SideBarView.swift */ = {isa = PBXFileReference; lastKnownFileType = sourcecode.swift; path = SideBarView.swift; sourceTree = "<group>"; };
		289EE53826714F8A002F66D3 /* Drawing_CanvasApp.swift */ = {isa = PBXFileReference; lastKnownFileType = sourcecode.swift; path = Drawing_CanvasApp.swift; sourceTree = "<group>"; };
		289EE53926714F8A002F66D3 /* ContentView.swift */ = {isa = PBXFileReference; lastKnownFileType = sourcecode.swift; path = ContentView.swift; sourceTree = "<group>"; };
		289EE53A26714F8C002F66D3 /* Assets.xcassets */ = {isa = PBXFileReference; lastKnownFileType = folder.assetcatalog; path = Assets.xcassets; sourceTree = "<group>"; };
		289EE53F26714F8C002F66D3 /* Drawing Canvas.app */ = {isa = PBXFileReference; explicitFileType = wrapper.application; includeInIndex = 0; path = "Drawing Canvas.app"; sourceTree = BUILT_PRODUCTS_DIR; };
/* End PBXFileReference section */

/* Begin PBXFrameworksBuildPhase section */
		280DDC0326726FB500467332 /* Frameworks */ = {
			isa = PBXFrameworksBuildPhase;
			buildActionMask = 2147483647;
			files = (
			);
			runOnlyForDeploymentPostprocessing = 0;
		};
		289EE53C26714F8C002F66D3 /* Frameworks */ = {
			isa = PBXFrameworksBuildPhase;
			buildActionMask = 2147483647;
			files = (
			);
			runOnlyForDeploymentPostprocessing = 0;
		};
/* End PBXFrameworksBuildPhase section */

/* Begin PBXGroup section */
		280DDC32267271E600467332 /* iOS */ = {
			isa = PBXGroup;
			children = (
				280DDC33267271F900467332 /* SegmentedView.swift */,
			);
			path = iOS;
			sourceTree = "<group>";
		};
		289EE53226714F8A002F66D3 = {
			isa = PBXGroup;
			children = (
				28066C7C267283820084572F /* README.md */,
				280DDC0126726CCE00467332 /* Drawing Canvas.entitlements */,
				289EE53726714F8A002F66D3 /* Shared */,
				280DDC32267271E600467332 /* iOS */,
				289EE54026714F8C002F66D3 /* Products */,
			);
			sourceTree = "<group>";
		};
		289EE53726714F8A002F66D3 /* Shared */ = {
			isa = PBXGroup;
			children = (
				289EE53826714F8A002F66D3 /* Drawing_CanvasApp.swift */,
				289EE53926714F8A002F66D3 /* ContentView.swift */,
				289EE53A26714F8C002F66D3 /* Assets.xcassets */,
				280DDBFE267175DC00467332 /* DrawView.swift */,
				280DDC35267273D900467332 /* SideBarView.swift */,
			);
			path = Shared;
			sourceTree = "<group>";
		};
		289EE54026714F8C002F66D3 /* Products */ = {
			isa = PBXGroup;
			children = (
				289EE53F26714F8C002F66D3 /* Drawing Canvas.app */,
				280DDC0626726FB500467332 /* Drawing Canvas (macOS).app */,
			);
			name = Products;
			sourceTree = "<group>";
		};
/* End PBXGroup section */

/* Begin PBXNativeTarget section */
		280DDC0526726FB500467332 /* Drawing Canvas (macOS) */ = {
			isa = PBXNativeTarget;
			buildConfigurationList = 280DDC2526726FBA00467332 /* Build configuration list for PBXNativeTarget "Drawing Canvas (macOS)" */;
			buildPhases = (
				280DDC0226726FB500467332 /* Sources */,
				280DDC0326726FB500467332 /* Frameworks */,
				280DDC0426726FB500467332 /* Resources */,
			);
			buildRules = (
			);
			dependencies = (
			);
			name = "Drawing Canvas (macOS)";
			productName = "Drawing Canvas";
			productReference = 280DDC0626726FB500467332 /* Drawing Canvas (macOS).app */;
			productType = "com.apple.product-type.application";
		};
		289EE53E26714F8C002F66D3 /* Drawing Canvas (iOS) */ = {
			isa = PBXNativeTarget;
			buildConfigurationList = 289EE56226714F8C002F66D3 /* Build configuration list for PBXNativeTarget "Drawing Canvas (iOS)" */;
			buildPhases = (
				289EE53B26714F8C002F66D3 /* Sources */,
				289EE53C26714F8C002F66D3 /* Frameworks */,
				289EE53D26714F8C002F66D3 /* Resources */,
			);
			buildRules = (
			);
			dependencies = (
			);
			name = "Drawing Canvas (iOS)";
			productName = "Drawing Canvas (iOS)";
			productReference = 289EE53F26714F8C002F66D3 /* Drawing Canvas.app */;
			productType = "com.apple.product-type.application";
		};
/* End PBXNativeTarget section */

/* Begin PBXProject section */
		289EE53326714F8A002F66D3 /* Project object */ = {
			isa = PBXProject;
			attributes = {
				BuildIndependentTargetsInParallel = 1;
				LastSwiftUpdateCheck = 1300;
				LastUpgradeCheck = 1300;
				TargetAttributes = {
					280DDC0526726FB500467332 = {
						CreatedOnToolsVersion = 13.0;
					};
					289EE53E26714F8C002F66D3 = {
						CreatedOnToolsVersion = 13.0;
					};
				};
			};
			buildConfigurationList = 289EE53626714F8A002F66D3 /* Build configuration list for PBXProject "Drawing Canvas" */;
			compatibilityVersion = "Xcode 13.0";
			developmentRegion = en;
			hasScannedForEncodings = 0;
			knownRegions = (
				en,
				Base,
			);
			mainGroup = 289EE53226714F8A002F66D3;
			productRefGroup = 289EE54026714F8C002F66D3 /* Products */;
			projectDirPath = "";
			projectRoot = "";
			targets = (
				289EE53E26714F8C002F66D3 /* Drawing Canvas (iOS) */,
				280DDC0526726FB500467332 /* Drawing Canvas (macOS) */,
			);
		};
/* End PBXProject section */

/* Begin PBXResourcesBuildPhase section */
		280DDC0426726FB500467332 /* Resources */ = {
			isa = PBXResourcesBuildPhase;
			buildActionMask = 2147483647;
			files = (
				280DDC3026726FD400467332 /* Assets.xcassets in Resources */,
			);
			runOnlyForDeploymentPostprocessing = 0;
		};
		289EE53D26714F8C002F66D3 /* Resources */ = {
			isa = PBXResourcesBuildPhase;
			buildActionMask = 2147483647;
			files = (
				289EE55E26714F8C002F66D3 /* Assets.xcassets in Resources */,
			);
			runOnlyForDeploymentPostprocessing = 0;
		};
/* End PBXResourcesBuildPhase section */

/* Begin PBXSourcesBuildPhase section */
		280DDC0226726FB500467332 /* Sources */ = {
			isa = PBXSourcesBuildPhase;
			buildActionMask = 2147483647;
			files = (
				280DDC3126726FD400467332 /* Drawing_CanvasApp.swift in Sources */,
				280DDC372672741400467332 /* SideBarView.swift in Sources */,
				280DDC2F26726FD400467332 /* DrawView.swift in Sources */,
				280DDC2E26726FD400467332 /* ContentView.swift in Sources */,
			);
			runOnlyForDeploymentPostprocessing = 0;
		};
		289EE53B26714F8C002F66D3 /* Sources */ = {
			isa = PBXSourcesBuildPhase;
			buildActionMask = 2147483647;
			files = (
				289EE55C26714F8C002F66D3 /* ContentView.swift in Sources */,
				280DDC34267271F900467332 /* SegmentedView.swift in Sources */,
				289EE55A26714F8C002F66D3 /* Drawing_CanvasApp.swift in Sources */,
				280DDC36267273D900467332 /* SideBarView.swift in Sources */,
				280DDBFF267175DC00467332 /* DrawView.swift in Sources */,
			);
			runOnlyForDeploymentPostprocessing = 0;
		};
/* End PBXSourcesBuildPhase section */

/* Begin XCBuildConfiguration section */
		280DDC2626726FBA00467332 /* Debug */ = {
			isa = XCBuildConfiguration;
			buildSettings = {
				ASSETCATALOG_COMPILER_APPICON_NAME = AppIcon;
				ASSETCATALOG_COMPILER_GLOBAL_ACCENT_COLOR_NAME = AccentColor;
				CODE_SIGN_STYLE = Automatic;
				COMBINE_HIDPI_IMAGES = YES;
				CURRENT_PROJECT_VERSION = 1;
				DEVELOPMENT_TEAM = NWJALMT777;
				ENABLE_APP_SANDBOX = YES;
				ENABLE_HARDENED_RUNTIME = YES;
				ENABLE_PREVIEWS = YES;
				ENABLE_USER_SELECTED_FILES = readonly;
				GENERATE_INFOPLIST_FILE = YES;
				INFOPLIST_KEY_NSHumanReadableCopyright = "";
				LD_RUNPATH_SEARCH_PATHS = (
					"$(inherited)",
					"@executable_path/../Frameworks",
				);
				MACOSX_DEPLOYMENT_TARGET = 12.0;
				MARKETING_VERSION = 1.0;
				PRODUCT_BUNDLE_IDENTIFIER = "amitsamant.in.Drawing-Canvas";
				PRODUCT_NAME = "$(TARGET_NAME)";
				SDKROOT = macosx;
				SWIFT_EMIT_LOC_STRINGS = YES;
				SWIFT_VERSION = 5.0;
			};
			name = Debug;
		};
		280DDC2726726FBA00467332 /* Release */ = {
			isa = XCBuildConfiguration;
			buildSettings = {
				ASSETCATALOG_COMPILER_APPICON_NAME = AppIcon;
				ASSETCATALOG_COMPILER_GLOBAL_ACCENT_COLOR_NAME = AccentColor;
				CODE_SIGN_STYLE = Automatic;
				COMBINE_HIDPI_IMAGES = YES;
				CURRENT_PROJECT_VERSION = 1;
				DEVELOPMENT_TEAM = NWJALMT777;
				ENABLE_APP_SANDBOX = YES;
				ENABLE_HARDENED_RUNTIME = YES;
				ENABLE_PREVIEWS = YES;
				ENABLE_USER_SELECTED_FILES = readonly;
				GENERATE_INFOPLIST_FILE = YES;
				INFOPLIST_KEY_NSHumanReadableCopyright = "";
				LD_RUNPATH_SEARCH_PATHS = (
					"$(inherited)",
					"@executable_path/../Frameworks",
				);
				MACOSX_DEPLOYMENT_TARGET = 12.0;
				MARKETING_VERSION = 1.0;
				PRODUCT_BUNDLE_IDENTIFIER = "amitsamant.in.Drawing-Canvas";
				PRODUCT_NAME = "$(TARGET_NAME)";
				SDKROOT = macosx;
				SWIFT_EMIT_LOC_STRINGS = YES;
				SWIFT_VERSION = 5.0;
			};
			name = Release;
		};
		289EE56026714F8C002F66D3 /* Debug */ = {
			isa = XCBuildConfiguration;
			buildSettings = {
				ALWAYS_SEARCH_USER_PATHS = NO;
				CLANG_ANALYZER_NONNULL = YES;
				CLANG_ANALYZER_NUMBER_OBJECT_CONVERSION = YES_AGGRESSIVE;
				CLANG_CXX_LANGUAGE_STANDARD = "gnu++14";
				CLANG_CXX_LIBRARY = "libc++";
				CLANG_ENABLE_MODULES = YES;
				CLANG_ENABLE_OBJC_ARC = YES;
				CLANG_ENABLE_OBJC_WEAK = YES;
				CLANG_WARN_BLOCK_CAPTURE_AUTORELEASING = YES;
				CLANG_WARN_BOOL_CONVERSION = YES;
				CLANG_WARN_COMMA = YES;
				CLANG_WARN_CONSTANT_CONVERSION = YES;
				CLANG_WARN_DEPRECATED_OBJC_IMPLEMENTATIONS = YES;
				CLANG_WARN_DIRECT_OBJC_ISA_USAGE = YES_ERROR;
				CLANG_WARN_DOCUMENTATION_COMMENTS = YES;
				CLANG_WARN_EMPTY_BODY = YES;
				CLANG_WARN_ENUM_CONVERSION = YES;
				CLANG_WARN_INFINITE_RECURSION = YES;
				CLANG_WARN_INT_CONVERSION = YES;
				CLANG_WARN_NON_LITERAL_NULL_CONVERSION = YES;
				CLANG_WARN_OBJC_IMPLICIT_RETAIN_SELF = YES;
				CLANG_WARN_OBJC_LITERAL_CONVERSION = YES;
				CLANG_WARN_OBJC_ROOT_CLASS = YES_ERROR;
				CLANG_WARN_QUOTED_INCLUDE_IN_FRAMEWORK_HEADER = YES;
				CLANG_WARN_RANGE_LOOP_ANALYSIS = YES;
				CLANG_WARN_STRICT_PROTOTYPES = YES;
				CLANG_WARN_SUSPICIOUS_MOVE = YES;
				CLANG_WARN_UNGUARDED_AVAILABILITY = YES_AGGRESSIVE;
				CLANG_WARN_UNREACHABLE_CODE = YES;
				CLANG_WARN__DUPLICATE_METHOD_MATCH = YES;
				COPY_PHASE_STRIP = NO;
				DEBUG_INFORMATION_FORMAT = dwarf;
				ENABLE_STRICT_OBJC_MSGSEND = YES;
				ENABLE_TESTABILITY = YES;
				GCC_C_LANGUAGE_STANDARD = gnu11;
				GCC_DYNAMIC_NO_PIC = NO;
				GCC_NO_COMMON_BLOCKS = YES;
				GCC_OPTIMIZATION_LEVEL = 0;
				GCC_PREPROCESSOR_DEFINITIONS = (
					"DEBUG=1",
					"$(inherited)",
				);
				GCC_WARN_64_TO_32_BIT_CONVERSION = YES;
				GCC_WARN_ABOUT_RETURN_TYPE = YES_ERROR;
				GCC_WARN_UNDECLARED_SELECTOR = YES;
				GCC_WARN_UNINITIALIZED_AUTOS = YES_AGGRESSIVE;
				GCC_WARN_UNUSED_FUNCTION = YES;
				GCC_WARN_UNUSED_VARIABLE = YES;
				MTL_ENABLE_DEBUG_INFO = INCLUDE_SOURCE;
				MTL_FAST_MATH = YES;
				ONLY_ACTIVE_ARCH = YES;
				SWIFT_ACTIVE_COMPILATION_CONDITIONS = DEBUG;
				SWIFT_OPTIMIZATION_LEVEL = "-Onone";
			};
			name = Debug;
		};
		289EE56126714F8C002F66D3 /* Release */ = {
			isa = XCBuildConfiguration;
			buildSettings = {
				ALWAYS_SEARCH_USER_PATHS = NO;
				CLANG_ANALYZER_NONNULL = YES;
				CLANG_ANALYZER_NUMBER_OBJECT_CONVERSION = YES_AGGRESSIVE;
				CLANG_CXX_LANGUAGE_STANDARD = "gnu++14";
				CLANG_CXX_LIBRARY = "libc++";
				CLANG_ENABLE_MODULES = YES;
				CLANG_ENABLE_OBJC_ARC = YES;
				CLANG_ENABLE_OBJC_WEAK = YES;
				CLANG_WARN_BLOCK_CAPTURE_AUTORELEASING = YES;
				CLANG_WARN_BOOL_CONVERSION = YES;
				CLANG_WARN_COMMA = YES;
				CLANG_WARN_CONSTANT_CONVERSION = YES;
				CLANG_WARN_DEPRECATED_OBJC_IMPLEMENTATIONS = YES;
				CLANG_WARN_DIRECT_OBJC_ISA_USAGE = YES_ERROR;
				CLANG_WARN_DOCUMENTATION_COMMENTS = YES;
				CLANG_WARN_EMPTY_BODY = YES;
				CLANG_WARN_ENUM_CONVERSION = YES;
				CLANG_WARN_INFINITE_RECURSION = YES;
				CLANG_WARN_INT_CONVERSION = YES;
				CLANG_WARN_NON_LITERAL_NULL_CONVERSION = YES;
				CLANG_WARN_OBJC_IMPLICIT_RETAIN_SELF = YES;
				CLANG_WARN_OBJC_LITERAL_CONVERSION = YES;
				CLANG_WARN_OBJC_ROOT_CLASS = YES_ERROR;
				CLANG_WARN_QUOTED_INCLUDE_IN_FRAMEWORK_HEADER = YES;
				CLANG_WARN_RANGE_LOOP_ANALYSIS = YES;
				CLANG_WARN_STRICT_PROTOTYPES = YES;
				CLANG_WARN_SUSPICIOUS_MOVE = YES;
				CLANG_WARN_UNGUARDED_AVAILABILITY = YES_AGGRESSIVE;
				CLANG_WARN_UNREACHABLE_CODE = YES;
				CLANG_WARN__DUPLICATE_METHOD_MATCH = YES;
				COPY_PHASE_STRIP = NO;
				DEBUG_INFORMATION_FORMAT = "dwarf-with-dsym";
				ENABLE_NS_ASSERTIONS = NO;
				ENABLE_STRICT_OBJC_MSGSEND = YES;
				GCC_C_LANGUAGE_STANDARD = gnu11;
				GCC_NO_COMMON_BLOCKS = YES;
				GCC_WARN_64_TO_32_BIT_CONVERSION = YES;
				GCC_WARN_ABOUT_RETURN_TYPE = YES_ERROR;
				GCC_WARN_UNDECLARED_SELECTOR = YES;
				GCC_WARN_UNINITIALIZED_AUTOS = YES_AGGRESSIVE;
				GCC_WARN_UNUSED_FUNCTION = YES;
				GCC_WARN_UNUSED_VARIABLE = YES;
				MTL_ENABLE_DEBUG_INFO = NO;
				MTL_FAST_MATH = YES;
				SWIFT_COMPILATION_MODE = wholemodule;
				SWIFT_OPTIMIZATION_LEVEL = "-O";
			};
			name = Release;
		};
		289EE56326714F8C002F66D3 /* Debug */ = {
			isa = XCBuildConfiguration;
			buildSettings = {
				ASSETCATALOG_COMPILER_APPICON_NAME = AppIcon;
				ASSETCATALOG_COMPILER_GLOBAL_ACCENT_COLOR_NAME = AccentColor;
				CODE_SIGN_ENTITLEMENTS = "Drawing Canvas.entitlements";
				CODE_SIGN_STYLE = Automatic;
				CURRENT_PROJECT_VERSION = 1;
				DEVELOPMENT_TEAM = NWJALMT777;
				ENABLE_PREVIEWS = YES;
				GENERATE_INFOPLIST_FILE = YES;
				INFOPLIST_KEY_UIApplicationSceneManifest_Generation = YES;
				INFOPLIST_KEY_UIApplicationSupportsIndirectInputEvents = YES;
				INFOPLIST_KEY_UILaunchScreen_Generation = YES;
				INFOPLIST_KEY_UISupportedInterfaceOrientations_iPad = "UIInterfaceOrientationPortrait UIInterfaceOrientationPortraitUpsideDown UIInterfaceOrientationLandscapeLeft UIInterfaceOrientationLandscapeRight";
				INFOPLIST_KEY_UISupportedInterfaceOrientations_iPhone = "UIInterfaceOrientationPortrait UIInterfaceOrientationLandscapeLeft UIInterfaceOrientationLandscapeRight";
				IPHONEOS_DEPLOYMENT_TARGET = 15.0;
				LD_RUNPATH_SEARCH_PATHS = (
					"$(inherited)",
					"@executable_path/Frameworks",
				);
				MARKETING_VERSION = 1.0;
				PRODUCT_BUNDLE_IDENTIFIER = "amitsamant.in.Drawing-Canvas";
				PRODUCT_NAME = "Drawing Canvas";
				SDKROOT = iphoneos;
				SUPPORTS_MACCATALYST = NO;
				SWIFT_EMIT_LOC_STRINGS = YES;
				SWIFT_VERSION = 5.0;
				TARGETED_DEVICE_FAMILY = "1,2";
			};
			name = Debug;
		};
		289EE56426714F8C002F66D3 /* Release */ = {
			isa = XCBuildConfiguration;
			buildSettings = {
				ASSETCATALOG_COMPILER_APPICON_NAME = AppIcon;
				ASSETCATALOG_COMPILER_GLOBAL_ACCENT_COLOR_NAME = AccentColor;
				CODE_SIGN_ENTITLEMENTS = "Drawing Canvas.entitlements";
				CODE_SIGN_STYLE = Automatic;
				CURRENT_PROJECT_VERSION = 1;
				DEVELOPMENT_TEAM = NWJALMT777;
				ENABLE_PREVIEWS = YES;
				GENERATE_INFOPLIST_FILE = YES;
				INFOPLIST_KEY_UIApplicationSceneManifest_Generation = YES;
				INFOPLIST_KEY_UIApplicationSupportsIndirectInputEvents = YES;
				INFOPLIST_KEY_UILaunchScreen_Generation = YES;
				INFOPLIST_KEY_UISupportedInterfaceOrientations_iPad = "UIInterfaceOrientationPortrait UIInterfaceOrientationPortraitUpsideDown UIInterfaceOrientationLandscapeLeft UIInterfaceOrientationLandscapeRight";
				INFOPLIST_KEY_UISupportedInterfaceOrientations_iPhone = "UIInterfaceOrientationPortrait UIInterfaceOrientationLandscapeLeft UIInterfaceOrientationLandscapeRight";
				IPHONEOS_DEPLOYMENT_TARGET = 15.0;
				LD_RUNPATH_SEARCH_PATHS = (
					"$(inherited)",
					"@executable_path/Frameworks",
				);
				MARKETING_VERSION = 1.0;
				PRODUCT_BUNDLE_IDENTIFIER = "amitsamant.in.Drawing-Canvas";
				PRODUCT_NAME = "Drawing Canvas";
				SDKROOT = iphoneos;
				SUPPORTS_MACCATALYST = NO;
				SWIFT_EMIT_LOC_STRINGS = YES;
				SWIFT_VERSION = 5.0;
				TARGETED_DEVICE_FAMILY = "1,2";
				VALIDATE_PRODUCT = YES;
			};
			name = Release;
		};
/* End XCBuildConfiguration section */

/* Begin XCConfigurationList section */
		280DDC2526726FBA00467332 /* Build configuration list for PBXNativeTarget "Drawing Canvas (macOS)" */ = {
			isa = XCConfigurationList;
			buildConfigurations = (
				280DDC2626726FBA00467332 /* Debug */,
				280DDC2726726FBA00467332 /* Release */,
			);
			defaultConfigurationIsVisible = 0;
			defaultConfigurationName = Release;
		};
		289EE53626714F8A002F66D3 /* Build configuration list for PBXProject "Drawing Canvas" */ = {
			isa = XCConfigurationList;
			buildConfigurations = (
				289EE56026714F8C002F66D3 /* Debug */,
				289EE56126714F8C002F66D3 /* Release */,
			);
			defaultConfigurationIsVisible = 0;
			defaultConfigurationName = Release;
		};
		289EE56226714F8C002F66D3 /* Build configuration list for PBXNativeTarget "Drawing Canvas (iOS)" */ = {
			isa = XCConfigurationList;
			buildConfigurations = (
				289EE56326714F8C002F66D3 /* Debug */,
				289EE56426714F8C002F66D3 /* Release */,
			);
			defaultConfigurationIsVisible = 0;
			defaultConfigurationName = Release;
		};
/* End XCConfigurationList section */
	};
	rootObject = 289EE53326714F8A002F66D3 /* Project object */;
}
